// !$*UTF8*$!
{
	archiveVersion = 1;
	classes = {
	};
	objectVersion = 46;
	objects = {

/* Begin PBXBuildFile section */
		1472FAF81DF8A33F00CD0C62 /* MenuItem.swift in Sources */ = {isa = PBXBuildFile; fileRef = 1472FAF71DF8A33F00CD0C62 /* MenuItem.swift */; };
		1472FAFA1DF8A8F900CD0C62 /* MenuItemsViewController.swift in Sources */ = {isa = PBXBuildFile; fileRef = 1472FAF91DF8A8F900CD0C62 /* MenuItemsViewController.swift */; };
		1472FAFE1DF8A92C00CD0C62 /* MenuItemsInteractor.swift in Sources */ = {isa = PBXBuildFile; fileRef = 1472FAFD1DF8A92C00CD0C62 /* MenuItemsInteractor.swift */; };
		1472FB011DF8A95E00CD0C62 /* MenuItemsRouter.swift in Sources */ = {isa = PBXBuildFile; fileRef = 1472FB001DF8A95E00CD0C62 /* MenuItemsRouter.swift */; };
		1472FB061DF8ABCB00CD0C62 /* MenuItemTableViewCell.swift in Sources */ = {isa = PBXBuildFile; fileRef = 1472FB051DF8ABCB00CD0C62 /* MenuItemTableViewCell.swift */; };
		147C32301DF75E6F0005B3D4 /* MerchantTableViewCell.swift in Sources */ = {isa = PBXBuildFile; fileRef = 147C322F1DF75E6F0005B3D4 /* MerchantTableViewCell.swift */; };
		147C32351DF761220005B3D4 /* MenuViewController.swift in Sources */ = {isa = PBXBuildFile; fileRef = 147C32341DF761220005B3D4 /* MenuViewController.swift */; };
		147C323B1DF761760005B3D4 /* MenuInteractor.swift in Sources */ = {isa = PBXBuildFile; fileRef = 147C323A1DF761760005B3D4 /* MenuInteractor.swift */; };
		147C323D1DF7618B0005B3D4 /* MenuRouter.swift in Sources */ = {isa = PBXBuildFile; fileRef = 147C323C1DF7618B0005B3D4 /* MenuRouter.swift */; };
		147C323F1DF762CF0005B3D4 /* MenuCategory.swift in Sources */ = {isa = PBXBuildFile; fileRef = 147C323E1DF762CF0005B3D4 /* MenuCategory.swift */; };
		147C32411DF764650005B3D4 /* MenuCategoryTableViewCell.swift in Sources */ = {isa = PBXBuildFile; fileRef = 147C32401DF764650005B3D4 /* MenuCategoryTableViewCell.swift */; };
		14BE2D8F1DF696670050FA29 /* MerchantsViewController.swift in Sources */ = {isa = PBXBuildFile; fileRef = 14BE2D8E1DF696670050FA29 /* MerchantsViewController.swift */; };
		14BE2D931DF696A40050FA29 /* MerchantsInteractor.swift in Sources */ = {isa = PBXBuildFile; fileRef = 14BE2D921DF696A40050FA29 /* MerchantsInteractor.swift */; };
		14BE2D951DF696DB0050FA29 /* MerchantsRouter.swift in Sources */ = {isa = PBXBuildFile; fileRef = 14BE2D941DF696DB0050FA29 /* MerchantsRouter.swift */; };
		14BE2D971DF69DE20050FA29 /* UIViewController+Alert.swift in Sources */ = {isa = PBXBuildFile; fileRef = 14BE2D961DF69DE20050FA29 /* UIViewController+Alert.swift */; };
		14CC2ACB1DF4352200BBF5B3 /* AppDelegate.swift in Sources */ = {isa = PBXBuildFile; fileRef = 14CC2ACA1DF4352200BBF5B3 /* AppDelegate.swift */; };
		14CC2AD01DF4352200BBF5B3 /* Main.storyboard in Resources */ = {isa = PBXBuildFile; fileRef = 14CC2ACE1DF4352200BBF5B3 /* Main.storyboard */; };
		14CC2AD21DF4352200BBF5B3 /* Assets.xcassets in Resources */ = {isa = PBXBuildFile; fileRef = 14CC2AD11DF4352200BBF5B3 /* Assets.xcassets */; };
		14CC2AD51DF4352200BBF5B3 /* LaunchScreen.storyboard in Resources */ = {isa = PBXBuildFile; fileRef = 14CC2AD31DF4352200BBF5B3 /* LaunchScreen.storyboard */; };
		14CC2ADD1DF435C100BBF5B3 /* LoginViewController.swift in Sources */ = {isa = PBXBuildFile; fileRef = 14CC2ADC1DF435C100BBF5B3 /* LoginViewController.swift */; };
		14CC2AE31DF4360F00BBF5B3 /* LoginInteractor.swift in Sources */ = {isa = PBXBuildFile; fileRef = 14CC2AE21DF4360F00BBF5B3 /* LoginInteractor.swift */; };
		14CC2AE61DF4364600BBF5B3 /* LoginRouter.swift in Sources */ = {isa = PBXBuildFile; fileRef = 14CC2AE51DF4364600BBF5B3 /* LoginRouter.swift */; };
		14CC2AE91DF4368000BBF5B3 /* RegistrationViewController.swift in Sources */ = {isa = PBXBuildFile; fileRef = 14CC2AE81DF4368000BBF5B3 /* RegistrationViewController.swift */; };
		14CC2AED1DF436C700BBF5B3 /* RegistrationInteractor.swift in Sources */ = {isa = PBXBuildFile; fileRef = 14CC2AEC1DF436C700BBF5B3 /* RegistrationInteractor.swift */; };
		14CC2AF01DF436F700BBF5B3 /* RegistrationRouter.swift in Sources */ = {isa = PBXBuildFile; fileRef = 14CC2AEF1DF436F700BBF5B3 /* RegistrationRouter.swift */; };
		14CC2AF31DF4371600BBF5B3 /* RootRouter.swift in Sources */ = {isa = PBXBuildFile; fileRef = 14CC2AF21DF4371600BBF5B3 /* RootRouter.swift */; };
		14CC2AF51DF4375400BBF5B3 /* Router.swift in Sources */ = {isa = PBXBuildFile; fileRef = 14CC2AF41DF4375400BBF5B3 /* Router.swift */; };
		14D82B501DFC482900150120 /* ContainerViewController.swift in Sources */ = {isa = PBXBuildFile; fileRef = 14D82B4F1DFC482900150120 /* ContainerViewController.swift */; };
		14DD6EEB1DFC455900909363 /* JASidePanelController.m in Sources */ = {isa = PBXBuildFile; fileRef = 14DD6EE81DFC455900909363 /* JASidePanelController.m */; };
		14DD6EEC1DFC455900909363 /* UIViewController+JASidePanel.m in Sources */ = {isa = PBXBuildFile; fileRef = 14DD6EEA1DFC455900909363 /* UIViewController+JASidePanel.m */; };
		14DE0B1C1DF46511008439D5 /* ServiceManager.swift in Sources */ = {isa = PBXBuildFile; fileRef = 14DE0B1B1DF46511008439D5 /* ServiceManager.swift */; };
		14DE0B201DF470FB008439D5 /* Constants.swift in Sources */ = {isa = PBXBuildFile; fileRef = 14DE0B1F1DF470FB008439D5 /* Constants.swift */; };
		14DE0B231DF48AFB008439D5 /* Content.storyboard in Resources */ = {isa = PBXBuildFile; fileRef = 14DE0B211DF48AFB008439D5 /* Content.storyboard */; };
		14DE0B251DF48B76008439D5 /* KeyboardManager.swift in Sources */ = {isa = PBXBuildFile; fileRef = 14DE0B241DF48B76008439D5 /* KeyboardManager.swift */; };
		14DE0B271DF49357008439D5 /* MapViewController.swift in Sources */ = {isa = PBXBuildFile; fileRef = 14DE0B261DF49357008439D5 /* MapViewController.swift */; };
		14DE0B2E1DF493B3008439D5 /* MapInteractor.swift in Sources */ = {isa = PBXBuildFile; fileRef = 14DE0B2D1DF493B3008439D5 /* MapInteractor.swift */; };
		14DE0B301DF493C8008439D5 /* MapRouter.swift in Sources */ = {isa = PBXBuildFile; fileRef = 14DE0B2F1DF493C8008439D5 /* MapRouter.swift */; };
		14DE0B321DF4992F008439D5 /* Merchant.swift in Sources */ = {isa = PBXBuildFile; fileRef = 14DE0B311DF4992F008439D5 /* Merchant.swift */; };
		14DE0B351DF49994008439D5 /* Location.swift in Sources */ = {isa = PBXBuildFile; fileRef = 14DE0B341DF49994008439D5 /* Location.swift */; };
		33390E958ABFA27D4B6AF878 /* Pods_FastOrders.framework in Frameworks */ = {isa = PBXBuildFile; fileRef = 73021F67CE8DBCEE799C7D2B /* Pods_FastOrders.framework */; };
/* End PBXBuildFile section */

/* Begin PBXFileReference section */
		1472FAF71DF8A33F00CD0C62 /* MenuItem.swift */ = {isa = PBXFileReference; fileEncoding = 4; lastKnownFileType = sourcecode.swift; name = MenuItem.swift; path = Models/Entity/MenuItem.swift; sourceTree = "<group>"; };
		1472FAF91DF8A8F900CD0C62 /* MenuItemsViewController.swift */ = {isa = PBXFileReference; fileEncoding = 4; lastKnownFileType = sourcecode.swift; name = MenuItemsViewController.swift; path = Modules/Places/MenuItems/View/MenuItemsViewController.swift; sourceTree = "<group>"; };
		1472FAFD1DF8A92C00CD0C62 /* MenuItemsInteractor.swift */ = {isa = PBXFileReference; fileEncoding = 4; lastKnownFileType = sourcecode.swift; name = MenuItemsInteractor.swift; path = Modules/Places/MenuItems/Logic/MenuItemsInteractor.swift; sourceTree = "<group>"; };
		1472FB001DF8A95E00CD0C62 /* MenuItemsRouter.swift */ = {isa = PBXFileReference; fileEncoding = 4; lastKnownFileType = sourcecode.swift; name = MenuItemsRouter.swift; path = Modules/Places/MenuItems/Route/MenuItemsRouter.swift; sourceTree = "<group>"; };
		1472FB051DF8ABCB00CD0C62 /* MenuItemTableViewCell.swift */ = {isa = PBXFileReference; fileEncoding = 4; lastKnownFileType = sourcecode.swift; name = MenuItemTableViewCell.swift; path = Views/Cells/Table/MenuItemTableViewCell.swift; sourceTree = "<group>"; };
		147C322F1DF75E6F0005B3D4 /* MerchantTableViewCell.swift */ = {isa = PBXFileReference; fileEncoding = 4; lastKnownFileType = sourcecode.swift; name = MerchantTableViewCell.swift; path = Views/Cells/Table/MerchantTableViewCell.swift; sourceTree = "<group>"; };
		147C32341DF761220005B3D4 /* MenuViewController.swift */ = {isa = PBXFileReference; fileEncoding = 4; lastKnownFileType = sourcecode.swift; name = MenuViewController.swift; path = Modules/Places/Menu/View/MenuViewController.swift; sourceTree = "<group>"; };
		147C323A1DF761760005B3D4 /* MenuInteractor.swift */ = {isa = PBXFileReference; fileEncoding = 4; lastKnownFileType = sourcecode.swift; name = MenuInteractor.swift; path = Modules/Places/Menu/Logic/MenuInteractor.swift; sourceTree = "<group>"; };
		147C323C1DF7618B0005B3D4 /* MenuRouter.swift */ = {isa = PBXFileReference; fileEncoding = 4; lastKnownFileType = sourcecode.swift; name = MenuRouter.swift; path = Modules/Places/Menu/Route/MenuRouter.swift; sourceTree = "<group>"; };
		147C323E1DF762CF0005B3D4 /* MenuCategory.swift */ = {isa = PBXFileReference; fileEncoding = 4; lastKnownFileType = sourcecode.swift; name = MenuCategory.swift; path = Models/Entity/MenuCategory.swift; sourceTree = "<group>"; };
		147C32401DF764650005B3D4 /* MenuCategoryTableViewCell.swift */ = {isa = PBXFileReference; fileEncoding = 4; lastKnownFileType = sourcecode.swift; name = MenuCategoryTableViewCell.swift; path = Views/Cells/Table/MenuCategoryTableViewCell.swift; sourceTree = "<group>"; };
		14BE2D8E1DF696670050FA29 /* MerchantsViewController.swift */ = {isa = PBXFileReference; fileEncoding = 4; lastKnownFileType = sourcecode.swift; name = MerchantsViewController.swift; path = Modules/Places/Merchants/View/MerchantsViewController.swift; sourceTree = "<group>"; };
		14BE2D921DF696A40050FA29 /* MerchantsInteractor.swift */ = {isa = PBXFileReference; fileEncoding = 4; lastKnownFileType = sourcecode.swift; name = MerchantsInteractor.swift; path = Modules/Places/Merchants/Logic/MerchantsInteractor.swift; sourceTree = "<group>"; };
		14BE2D941DF696DB0050FA29 /* MerchantsRouter.swift */ = {isa = PBXFileReference; fileEncoding = 4; lastKnownFileType = sourcecode.swift; name = MerchantsRouter.swift; path = Modules/Places/Merchants/Route/MerchantsRouter.swift; sourceTree = "<group>"; };
		14BE2D961DF69DE20050FA29 /* UIViewController+Alert.swift */ = {isa = PBXFileReference; fileEncoding = 4; lastKnownFileType = sourcecode.swift; name = "UIViewController+Alert.swift"; path = "Utils/UIViewController+Alert.swift"; sourceTree = "<group>"; };
		14CC2AC71DF4352200BBF5B3 /* FastOrders.app */ = {isa = PBXFileReference; explicitFileType = wrapper.application; includeInIndex = 0; path = FastOrders.app; sourceTree = BUILT_PRODUCTS_DIR; };
		14CC2ACA1DF4352200BBF5B3 /* AppDelegate.swift */ = {isa = PBXFileReference; lastKnownFileType = sourcecode.swift; path = AppDelegate.swift; sourceTree = "<group>"; };
		14CC2ACF1DF4352200BBF5B3 /* Base */ = {isa = PBXFileReference; lastKnownFileType = file.storyboard; name = Base; path = Base.lproj/Main.storyboard; sourceTree = "<group>"; };
		14CC2AD11DF4352200BBF5B3 /* Assets.xcassets */ = {isa = PBXFileReference; lastKnownFileType = folder.assetcatalog; path = Assets.xcassets; sourceTree = "<group>"; };
		14CC2AD41DF4352200BBF5B3 /* Base */ = {isa = PBXFileReference; lastKnownFileType = file.storyboard; name = Base; path = Base.lproj/LaunchScreen.storyboard; sourceTree = "<group>"; };
		14CC2AD61DF4352200BBF5B3 /* Info.plist */ = {isa = PBXFileReference; lastKnownFileType = text.plist.xml; path = Info.plist; sourceTree = "<group>"; };
		14CC2ADC1DF435C100BBF5B3 /* LoginViewController.swift */ = {isa = PBXFileReference; fileEncoding = 4; lastKnownFileType = sourcecode.swift; name = LoginViewController.swift; path = Modules/Auth/Login/View/LoginViewController.swift; sourceTree = "<group>"; };
		14CC2AE21DF4360F00BBF5B3 /* LoginInteractor.swift */ = {isa = PBXFileReference; fileEncoding = 4; lastKnownFileType = sourcecode.swift; name = LoginInteractor.swift; path = Modules/Auth/Login/Logic/LoginInteractor.swift; sourceTree = "<group>"; };
		14CC2AE51DF4364600BBF5B3 /* LoginRouter.swift */ = {isa = PBXFileReference; fileEncoding = 4; lastKnownFileType = sourcecode.swift; name = LoginRouter.swift; path = Modules/Auth/Login/Route/LoginRouter.swift; sourceTree = "<group>"; };
		14CC2AE81DF4368000BBF5B3 /* RegistrationViewController.swift */ = {isa = PBXFileReference; fileEncoding = 4; lastKnownFileType = sourcecode.swift; name = RegistrationViewController.swift; path = Modules/Auth/Registration/View/RegistrationViewController.swift; sourceTree = "<group>"; };
		14CC2AEC1DF436C700BBF5B3 /* RegistrationInteractor.swift */ = {isa = PBXFileReference; fileEncoding = 4; lastKnownFileType = sourcecode.swift; name = RegistrationInteractor.swift; path = Modules/Auth/Registration/Logic/RegistrationInteractor.swift; sourceTree = "<group>"; };
		14CC2AEF1DF436F700BBF5B3 /* RegistrationRouter.swift */ = {isa = PBXFileReference; fileEncoding = 4; lastKnownFileType = sourcecode.swift; name = RegistrationRouter.swift; path = Modules/Auth/Registration/Route/RegistrationRouter.swift; sourceTree = "<group>"; };
		14CC2AF21DF4371600BBF5B3 /* RootRouter.swift */ = {isa = PBXFileReference; fileEncoding = 4; lastKnownFileType = sourcecode.swift; path = RootRouter.swift; sourceTree = "<group>"; };
		14CC2AF41DF4375400BBF5B3 /* Router.swift */ = {isa = PBXFileReference; fileEncoding = 4; lastKnownFileType = sourcecode.swift; path = Router.swift; sourceTree = "<group>"; };
		14D82B4F1DFC482900150120 /* ContainerViewController.swift */ = {isa = PBXFileReference; fileEncoding = 4; lastKnownFileType = sourcecode.swift; name = ContainerViewController.swift; path = Modules/LeftPanel/View/ContainerViewController.swift; sourceTree = "<group>"; };
		14D82B531DFC4A4100150120 /* FastOrders-Bridging-Header.h */ = {isa = PBXFileReference; fileEncoding = 4; lastKnownFileType = sourcecode.c.h; path = "FastOrders-Bridging-Header.h"; sourceTree = "<group>"; };
		14DD6EE71DFC455900909363 /* JASidePanelController.h */ = {isa = PBXFileReference; fileEncoding = 4; lastKnownFileType = sourcecode.c.h; path = JASidePanelController.h; sourceTree = "<group>"; };
		14DD6EE81DFC455900909363 /* JASidePanelController.m */ = {isa = PBXFileReference; fileEncoding = 4; lastKnownFileType = sourcecode.c.objc; path = JASidePanelController.m; sourceTree = "<group>"; };
		14DD6EE91DFC455900909363 /* UIViewController+JASidePanel.h */ = {isa = PBXFileReference; fileEncoding = 4; lastKnownFileType = sourcecode.c.h; path = "UIViewController+JASidePanel.h"; sourceTree = "<group>"; };
		14DD6EEA1DFC455900909363 /* UIViewController+JASidePanel.m */ = {isa = PBXFileReference; fileEncoding = 4; lastKnownFileType = sourcecode.c.objc; path = "UIViewController+JASidePanel.m"; sourceTree = "<group>"; };
		14DE0B1B1DF46511008439D5 /* ServiceManager.swift */ = {isa = PBXFileReference; fileEncoding = 4; lastKnownFileType = sourcecode.swift; name = ServiceManager.swift; path = Models/Managers/ServiceManager.swift; sourceTree = "<group>"; };
		14DE0B1F1DF470FB008439D5 /* Constants.swift */ = {isa = PBXFileReference; fileEncoding = 4; lastKnownFileType = sourcecode.swift; name = Constants.swift; path = Utils/Constants.swift; sourceTree = "<group>"; };
		14DE0B221DF48AFB008439D5 /* Base */ = {isa = PBXFileReference; lastKnownFileType = file.storyboard; name = Base; path = Base.lproj/Content.storyboard; sourceTree = "<group>"; };
		14DE0B241DF48B76008439D5 /* KeyboardManager.swift */ = {isa = PBXFileReference; fileEncoding = 4; lastKnownFileType = sourcecode.swift; name = KeyboardManager.swift; path = Models/Managers/KeyboardManager.swift; sourceTree = "<group>"; };
		14DE0B261DF49357008439D5 /* MapViewController.swift */ = {isa = PBXFileReference; fileEncoding = 4; lastKnownFileType = sourcecode.swift; name = MapViewController.swift; path = Modules/Map/View/MapViewController.swift; sourceTree = "<group>"; };
		14DE0B2D1DF493B3008439D5 /* MapInteractor.swift */ = {isa = PBXFileReference; fileEncoding = 4; lastKnownFileType = sourcecode.swift; name = MapInteractor.swift; path = Modules/Map/Logic/MapInteractor.swift; sourceTree = "<group>"; };
		14DE0B2F1DF493C8008439D5 /* MapRouter.swift */ = {isa = PBXFileReference; fileEncoding = 4; lastKnownFileType = sourcecode.swift; name = MapRouter.swift; path = Modules/Map/Route/MapRouter.swift; sourceTree = "<group>"; };
		14DE0B311DF4992F008439D5 /* Merchant.swift */ = {isa = PBXFileReference; fileEncoding = 4; lastKnownFileType = sourcecode.swift; name = Merchant.swift; path = Models/Entity/Merchant.swift; sourceTree = "<group>"; };
		14DE0B341DF49994008439D5 /* Location.swift */ = {isa = PBXFileReference; fileEncoding = 4; lastKnownFileType = sourcecode.swift; name = Location.swift; path = Models/Location.swift; sourceTree = "<group>"; };
		6A6B43FE74D127EE80531D30 /* Pods-FastOrders.release.xcconfig */ = {isa = PBXFileReference; includeInIndex = 1; lastKnownFileType = text.xcconfig; name = "Pods-FastOrders.release.xcconfig"; path = "Pods/Target Support Files/Pods-FastOrders/Pods-FastOrders.release.xcconfig"; sourceTree = "<group>"; };
		73021F67CE8DBCEE799C7D2B /* Pods_FastOrders.framework */ = {isa = PBXFileReference; explicitFileType = wrapper.framework; includeInIndex = 0; path = Pods_FastOrders.framework; sourceTree = BUILT_PRODUCTS_DIR; };
		ECB29EF4A914B9DC7234A1D0 /* Pods-FastOrders.debug.xcconfig */ = {isa = PBXFileReference; includeInIndex = 1; lastKnownFileType = text.xcconfig; name = "Pods-FastOrders.debug.xcconfig"; path = "Pods/Target Support Files/Pods-FastOrders/Pods-FastOrders.debug.xcconfig"; sourceTree = "<group>"; };
/* End PBXFileReference section */

/* Begin PBXFrameworksBuildPhase section */
		14CC2AC41DF4352200BBF5B3 /* Frameworks */ = {
			isa = PBXFrameworksBuildPhase;
			buildActionMask = 2147483647;
			files = (
				33390E958ABFA27D4B6AF878 /* Pods_FastOrders.framework in Frameworks */,
			);
			runOnlyForDeploymentPostprocessing = 0;
		};
/* End PBXFrameworksBuildPhase section */

/* Begin PBXGroup section */
		1472FAFB1DF8A8FE00CD0C62 /* MenuItems */ = {
			isa = PBXGroup;
			children = (
				1472FAFC1DF8A90A00CD0C62 /* View */,
				1472FAFF1DF8A93000CD0C62 /* Logic */,
				1472FB021DF8A96200CD0C62 /* Route */,
			);
			name = MenuItems;
			sourceTree = "<group>";
		};
		1472FAFC1DF8A90A00CD0C62 /* View */ = {
			isa = PBXGroup;
			children = (
				1472FAF91DF8A8F900CD0C62 /* MenuItemsViewController.swift */,
			);
			name = View;
			sourceTree = "<group>";
		};
		1472FAFF1DF8A93000CD0C62 /* Logic */ = {
			isa = PBXGroup;
			children = (
				1472FAFD1DF8A92C00CD0C62 /* MenuItemsInteractor.swift */,
			);
			name = Logic;
			sourceTree = "<group>";
		};
		1472FB021DF8A96200CD0C62 /* Route */ = {
			isa = PBXGroup;
			children = (
				1472FB001DF8A95E00CD0C62 /* MenuItemsRouter.swift */,
			);
			name = Route;
			sourceTree = "<group>";
		};
		147C32311DF75E730005B3D4 /* Views */ = {
			isa = PBXGroup;
			children = (
				147C32321DF75E790005B3D4 /* Cells */,
			);
			name = Views;
			sourceTree = "<group>";
		};
		147C32321DF75E790005B3D4 /* Cells */ = {
			isa = PBXGroup;
			children = (
				147C32331DF75E7F0005B3D4 /* Table */,
			);
			name = Cells;
			sourceTree = "<group>";
		};
		147C32331DF75E7F0005B3D4 /* Table */ = {
			isa = PBXGroup;
			children = (
				147C322F1DF75E6F0005B3D4 /* MerchantTableViewCell.swift */,
				147C32401DF764650005B3D4 /* MenuCategoryTableViewCell.swift */,
				1472FB051DF8ABCB00CD0C62 /* MenuItemTableViewCell.swift */,
			);
			name = Table;
			sourceTree = "<group>";
		};
		147C32361DF761290005B3D4 /* Menu */ = {
			isa = PBXGroup;
			children = (
				147C32371DF761310005B3D4 /* View */,
				147C32381DF761420005B3D4 /* Logic */,
				147C32391DF761480005B3D4 /* Route */,
			);
			name = Menu;
			sourceTree = "<group>";
		};
		147C32371DF761310005B3D4 /* View */ = {
			isa = PBXGroup;
			children = (
				147C32341DF761220005B3D4 /* MenuViewController.swift */,
			);
			name = View;
			sourceTree = "<group>";
		};
		147C32381DF761420005B3D4 /* Logic */ = {
			isa = PBXGroup;
			children = (
				147C323A1DF761760005B3D4 /* MenuInteractor.swift */,
			);
			name = Logic;
			sourceTree = "<group>";
		};
		147C32391DF761480005B3D4 /* Route */ = {
			isa = PBXGroup;
			children = (
				147C323C1DF7618B0005B3D4 /* MenuRouter.swift */,
			);
			name = Route;
			sourceTree = "<group>";
		};
		14BE2D8B1DF695D90050FA29 /* Places */ = {
			isa = PBXGroup;
			children = (
				14BE2D8C1DF695EC0050FA29 /* Merchants */,
				147C32361DF761290005B3D4 /* Menu */,
				1472FAFB1DF8A8FE00CD0C62 /* MenuItems */,
			);
			name = Places;
			sourceTree = "<group>";
		};
		14BE2D8C1DF695EC0050FA29 /* Merchants */ = {
			isa = PBXGroup;
			children = (
				14BE2D8D1DF695FB0050FA29 /* View */,
				14BE2D901DF6966E0050FA29 /* Logic */,
				14BE2D911DF696740050FA29 /* Route */,
			);
			name = Merchants;
			sourceTree = "<group>";
		};
		14BE2D8D1DF695FB0050FA29 /* View */ = {
			isa = PBXGroup;
			children = (
				14BE2D8E1DF696670050FA29 /* MerchantsViewController.swift */,
			);
			name = View;
			sourceTree = "<group>";
		};
		14BE2D901DF6966E0050FA29 /* Logic */ = {
			isa = PBXGroup;
			children = (
				14BE2D921DF696A40050FA29 /* MerchantsInteractor.swift */,
			);
			name = Logic;
			sourceTree = "<group>";
		};
		14BE2D911DF696740050FA29 /* Route */ = {
			isa = PBXGroup;
			children = (
				14BE2D941DF696DB0050FA29 /* MerchantsRouter.swift */,
			);
			name = Route;
			sourceTree = "<group>";
		};
		14BE2D981DF69DEA0050FA29 /* Utils */ = {
			isa = PBXGroup;
			children = (
				14DE0B1F1DF470FB008439D5 /* Constants.swift */,
				14BE2D961DF69DE20050FA29 /* UIViewController+Alert.swift */,
			);
			name = Utils;
			sourceTree = "<group>";
		};
		14CC2ABE1DF4352200BBF5B3 = {
			isa = PBXGroup;
			children = (
				14CC2AC91DF4352200BBF5B3 /* FastOrders */,
				14CC2AC81DF4352200BBF5B3 /* Products */,
				9F72D79B30C2359A77309AEF /* Pods */,
				3FDF14C05018F9B52291A159 /* Frameworks */,
			);
			sourceTree = "<group>";
		};
		14CC2AC81DF4352200BBF5B3 /* Products */ = {
			isa = PBXGroup;
			children = (
				14CC2AC71DF4352200BBF5B3 /* FastOrders.app */,
			);
			name = Products;
			sourceTree = "<group>";
		};
		14CC2AC91DF4352200BBF5B3 /* FastOrders */ = {
			isa = PBXGroup;
			children = (
				14CC2ACA1DF4352200BBF5B3 /* AppDelegate.swift */,
				14CC2AF21DF4371600BBF5B3 /* RootRouter.swift */,
				14CC2AF41DF4375400BBF5B3 /* Router.swift */,
				14CC2ACE1DF4352200BBF5B3 /* Main.storyboard */,
				14DE0B211DF48AFB008439D5 /* Content.storyboard */,
				14CC2AD11DF4352200BBF5B3 /* Assets.xcassets */,
				14CC2AD31DF4352200BBF5B3 /* LaunchScreen.storyboard */,
				14CC2AD61DF4352200BBF5B3 /* Info.plist */,
				14D82B531DFC4A4100150120 /* FastOrders-Bridging-Header.h */,
				14DD6EED1DFC456000909363 /* Vendor */,
				14BE2D981DF69DEA0050FA29 /* Utils */,
				147C32311DF75E730005B3D4 /* Views */,
				14DE0B1D1DF46519008439D5 /* Models */,
				14CC2ADE1DF435C600BBF5B3 /* Modules */,
			);
			path = FastOrders;
			sourceTree = "<group>";
		};
		14CC2ADE1DF435C600BBF5B3 /* Modules */ = {
			isa = PBXGroup;
			children = (
				14CC2ADF1DF435CD00BBF5B3 /* Auth */,
				14DE0B281DF4935E008439D5 /* Map */,
				14BE2D8B1DF695D90050FA29 /* Places */,
				14D82B511DFC482D00150120 /* LeftPanel */,
			);
			name = Modules;
			sourceTree = "<group>";
		};
		14CC2ADF1DF435CD00BBF5B3 /* Auth */ = {
			isa = PBXGroup;
			children = (
				14CC2AE01DF435D300BBF5B3 /* Login */,
				14CC2AEA1DF4368800BBF5B3 /* Registration */,
			);
			name = Auth;
			sourceTree = "<group>";
		};
		14CC2AE01DF435D300BBF5B3 /* Login */ = {
			isa = PBXGroup;
			children = (
				14CC2AE11DF435DA00BBF5B3 /* View */,
				14CC2AE41DF4361400BBF5B3 /* Logic */,
				14CC2AE71DF4364A00BBF5B3 /* Route */,
			);
			name = Login;
			sourceTree = "<group>";
		};
		14CC2AE11DF435DA00BBF5B3 /* View */ = {
			isa = PBXGroup;
			children = (
				14CC2ADC1DF435C100BBF5B3 /* LoginViewController.swift */,
			);
			name = View;
			sourceTree = "<group>";
		};
		14CC2AE41DF4361400BBF5B3 /* Logic */ = {
			isa = PBXGroup;
			children = (
				14CC2AE21DF4360F00BBF5B3 /* LoginInteractor.swift */,
			);
			name = Logic;
			sourceTree = "<group>";
		};
		14CC2AE71DF4364A00BBF5B3 /* Route */ = {
			isa = PBXGroup;
			children = (
				14CC2AE51DF4364600BBF5B3 /* LoginRouter.swift */,
			);
			name = Route;
			sourceTree = "<group>";
		};
		14CC2AEA1DF4368800BBF5B3 /* Registration */ = {
			isa = PBXGroup;
			children = (
				14CC2AEB1DF4369100BBF5B3 /* View */,
				14CC2AEE1DF436CB00BBF5B3 /* Logic */,
				14CC2AF11DF436FB00BBF5B3 /* Route */,
			);
			name = Registration;
			sourceTree = "<group>";
		};
		14CC2AEB1DF4369100BBF5B3 /* View */ = {
			isa = PBXGroup;
			children = (
				14CC2AE81DF4368000BBF5B3 /* RegistrationViewController.swift */,
			);
			name = View;
			sourceTree = "<group>";
		};
		14CC2AEE1DF436CB00BBF5B3 /* Logic */ = {
			isa = PBXGroup;
			children = (
				14CC2AEC1DF436C700BBF5B3 /* RegistrationInteractor.swift */,
			);
			name = Logic;
			sourceTree = "<group>";
		};
		14CC2AF11DF436FB00BBF5B3 /* Route */ = {
			isa = PBXGroup;
			children = (
				14CC2AEF1DF436F700BBF5B3 /* RegistrationRouter.swift */,
			);
			name = Route;
			sourceTree = "<group>";
		};
		14D82B511DFC482D00150120 /* LeftPanel */ = {
			isa = PBXGroup;
			children = (
				14D82B521DFC483500150120 /* View */,
			);
			name = LeftPanel;
			sourceTree = "<group>";
		};
		14D82B521DFC483500150120 /* View */ = {
			isa = PBXGroup;
			children = (
				14D82B4F1DFC482900150120 /* ContainerViewController.swift */,
			);
			name = View;
			sourceTree = "<group>";
		};
		14DD6EE61DFC455900909363 /* JASidePanels */ = {
			isa = PBXGroup;
			children = (
				14DD6EE71DFC455900909363 /* JASidePanelController.h */,
				14DD6EE81DFC455900909363 /* JASidePanelController.m */,
				14DD6EE91DFC455900909363 /* UIViewController+JASidePanel.h */,
				14DD6EEA1DFC455900909363 /* UIViewController+JASidePanel.m */,
			);
			name = JASidePanels;
			path = Vendor/JASidePanels;
			sourceTree = "<group>";
		};
		14DD6EED1DFC456000909363 /* Vendor */ = {
			isa = PBXGroup;
			children = (
				14DD6EE61DFC455900909363 /* JASidePanels */,
			);
			name = Vendor;
			sourceTree = "<group>";
		};
		14DE0B1D1DF46519008439D5 /* Models */ = {
			isa = PBXGroup;
			children = (
				14DE0B1E1DF46520008439D5 /* Managers */,
				14DE0B331DF49933008439D5 /* Entity */,
				14DE0B341DF49994008439D5 /* Location.swift */,
			);
			name = Models;
			sourceTree = "<group>";
		};
		14DE0B1E1DF46520008439D5 /* Managers */ = {
			isa = PBXGroup;
			children = (
				14DE0B241DF48B76008439D5 /* KeyboardManager.swift */,
				14DE0B1B1DF46511008439D5 /* ServiceManager.swift */,
			);
			name = Managers;
			sourceTree = "<group>";
		};
		14DE0B281DF4935E008439D5 /* Map */ = {
			isa = PBXGroup;
			children = (
				14DE0B291DF49368008439D5 /* View */,
				14DE0B2B1DF4937F008439D5 /* Logic */,
				14DE0B2C1DF49387008439D5 /* Route */,
			);
			name = Map;
			sourceTree = "<group>";
		};
		14DE0B291DF49368008439D5 /* View */ = {
			isa = PBXGroup;
			children = (
				14DE0B261DF49357008439D5 /* MapViewController.swift */,
			);
			name = View;
			sourceTree = "<group>";
		};
		14DE0B2B1DF4937F008439D5 /* Logic */ = {
			isa = PBXGroup;
			children = (
				14DE0B2D1DF493B3008439D5 /* MapInteractor.swift */,
			);
			name = Logic;
			sourceTree = "<group>";
		};
		14DE0B2C1DF49387008439D5 /* Route */ = {
			isa = PBXGroup;
			children = (
				14DE0B2F1DF493C8008439D5 /* MapRouter.swift */,
			);
			name = Route;
			sourceTree = "<group>";
		};
		14DE0B331DF49933008439D5 /* Entity */ = {
			isa = PBXGroup;
			children = (
				14DE0B311DF4992F008439D5 /* Merchant.swift */,
				147C323E1DF762CF0005B3D4 /* MenuCategory.swift */,
				1472FAF71DF8A33F00CD0C62 /* MenuItem.swift */,
			);
			name = Entity;
			sourceTree = "<group>";
		};
		3FDF14C05018F9B52291A159 /* Frameworks */ = {
			isa = PBXGroup;
			children = (
				73021F67CE8DBCEE799C7D2B /* Pods_FastOrders.framework */,
			);
			name = Frameworks;
			sourceTree = "<group>";
		};
		9F72D79B30C2359A77309AEF /* Pods */ = {
			isa = PBXGroup;
			children = (
				ECB29EF4A914B9DC7234A1D0 /* Pods-FastOrders.debug.xcconfig */,
				6A6B43FE74D127EE80531D30 /* Pods-FastOrders.release.xcconfig */,
			);
			name = Pods;
			sourceTree = "<group>";
		};
/* End PBXGroup section */

/* Begin PBXNativeTarget section */
		14CC2AC61DF4352200BBF5B3 /* FastOrders */ = {
			isa = PBXNativeTarget;
			buildConfigurationList = 14CC2AD91DF4352200BBF5B3 /* Build configuration list for PBXNativeTarget "FastOrders" */;
			buildPhases = (
				85EACEB35D43E198600E1C48 /* [CP] Check Pods Manifest.lock */,
				14CC2AC31DF4352200BBF5B3 /* Sources */,
				14CC2AC41DF4352200BBF5B3 /* Frameworks */,
				14CC2AC51DF4352200BBF5B3 /* Resources */,
				0D3418EA3885591AC594F82E /* [CP] Embed Pods Frameworks */,
				972C6C98EFEB7DF10A7F9758 /* [CP] Copy Pods Resources */,
			);
			buildRules = (
			);
			dependencies = (
			);
			name = FastOrders;
			productName = FastOrders;
			productReference = 14CC2AC71DF4352200BBF5B3 /* FastOrders.app */;
			productType = "com.apple.product-type.application";
		};
/* End PBXNativeTarget section */

/* Begin PBXProject section */
		14CC2ABF1DF4352200BBF5B3 /* Project object */ = {
			isa = PBXProject;
			attributes = {
				LastSwiftUpdateCheck = 0810;
				LastUpgradeCheck = 0810;
				ORGANIZATIONNAME = "Poltoratskyi Team";
				TargetAttributes = {
					14CC2AC61DF4352200BBF5B3 = {
						CreatedOnToolsVersion = 8.1;
						ProvisioningStyle = Automatic;
					};
				};
			};
			buildConfigurationList = 14CC2AC21DF4352200BBF5B3 /* Build configuration list for PBXProject "FastOrders" */;
			compatibilityVersion = "Xcode 3.2";
			developmentRegion = English;
			hasScannedForEncodings = 0;
			knownRegions = (
				en,
				Base,
			);
			mainGroup = 14CC2ABE1DF4352200BBF5B3;
			productRefGroup = 14CC2AC81DF4352200BBF5B3 /* Products */;
			projectDirPath = "";
			projectRoot = "";
			targets = (
				14CC2AC61DF4352200BBF5B3 /* FastOrders */,
			);
		};
/* End PBXProject section */

/* Begin PBXResourcesBuildPhase section */
		14CC2AC51DF4352200BBF5B3 /* Resources */ = {
			isa = PBXResourcesBuildPhase;
			buildActionMask = 2147483647;
			files = (
				14DE0B231DF48AFB008439D5 /* Content.storyboard in Resources */,
				14CC2AD51DF4352200BBF5B3 /* LaunchScreen.storyboard in Resources */,
				14CC2AD21DF4352200BBF5B3 /* Assets.xcassets in Resources */,
				14CC2AD01DF4352200BBF5B3 /* Main.storyboard in Resources */,
			);
			runOnlyForDeploymentPostprocessing = 0;
		};
/* End PBXResourcesBuildPhase section */

/* Begin PBXShellScriptBuildPhase section */
		0D3418EA3885591AC594F82E /* [CP] Embed Pods Frameworks */ = {
			isa = PBXShellScriptBuildPhase;
			buildActionMask = 2147483647;
			files = (
			);
			inputPaths = (
			);
			name = "[CP] Embed Pods Frameworks";
			outputPaths = (
			);
			runOnlyForDeploymentPostprocessing = 0;
			shellPath = /bin/sh;
			shellScript = "\"${SRCROOT}/Pods/Target Support Files/Pods-FastOrders/Pods-FastOrders-frameworks.sh\"\n";
			showEnvVarsInLog = 0;
		};
		85EACEB35D43E198600E1C48 /* [CP] Check Pods Manifest.lock */ = {
			isa = PBXShellScriptBuildPhase;
			buildActionMask = 2147483647;
			files = (
			);
			inputPaths = (
			);
			name = "[CP] Check Pods Manifest.lock";
			outputPaths = (
			);
			runOnlyForDeploymentPostprocessing = 0;
			shellPath = /bin/sh;
			shellScript = "diff \"${PODS_ROOT}/../Podfile.lock\" \"${PODS_ROOT}/Manifest.lock\" > /dev/null\nif [ $? != 0 ] ; then\n    # print error to STDERR\n    echo \"error: The sandbox is not in sync with the Podfile.lock. Run 'pod install' or update your CocoaPods installation.\" >&2\n    exit 1\nfi\n";
			showEnvVarsInLog = 0;
		};
		972C6C98EFEB7DF10A7F9758 /* [CP] Copy Pods Resources */ = {
			isa = PBXShellScriptBuildPhase;
			buildActionMask = 2147483647;
			files = (
			);
			inputPaths = (
			);
			name = "[CP] Copy Pods Resources";
			outputPaths = (
			);
			runOnlyForDeploymentPostprocessing = 0;
			shellPath = /bin/sh;
			shellScript = "\"${SRCROOT}/Pods/Target Support Files/Pods-FastOrders/Pods-FastOrders-resources.sh\"\n";
			showEnvVarsInLog = 0;
		};
/* End PBXShellScriptBuildPhase section */

/* Begin PBXSourcesBuildPhase section */
		14CC2AC31DF4352200BBF5B3 /* Sources */ = {
			isa = PBXSourcesBuildPhase;
			buildActionMask = 2147483647;
			files = (
				14CC2AE91DF4368000BBF5B3 /* RegistrationViewController.swift in Sources */,
				14DE0B201DF470FB008439D5 /* Constants.swift in Sources */,
				14D82B501DFC482900150120 /* ContainerViewController.swift in Sources */,
				14BE2D951DF696DB0050FA29 /* MerchantsRouter.swift in Sources */,
				14BE2D931DF696A40050FA29 /* MerchantsInteractor.swift in Sources */,
				14DE0B301DF493C8008439D5 /* MapRouter.swift in Sources */,
				14DD6EEB1DFC455900909363 /* JASidePanelController.m in Sources */,
				14CC2AF51DF4375400BBF5B3 /* Router.swift in Sources */,
				14BE2D971DF69DE20050FA29 /* UIViewController+Alert.swift in Sources */,
				147C32301DF75E6F0005B3D4 /* MerchantTableViewCell.swift in Sources */,
				147C323D1DF7618B0005B3D4 /* MenuRouter.swift in Sources */,
				14CC2AE31DF4360F00BBF5B3 /* LoginInteractor.swift in Sources */,
				14DE0B351DF49994008439D5 /* Location.swift in Sources */,
				14CC2ADD1DF435C100BBF5B3 /* LoginViewController.swift in Sources */,
				14DD6EEC1DFC455900909363 /* UIViewController+JASidePanel.m in Sources */,
				147C323F1DF762CF0005B3D4 /* MenuCategory.swift in Sources */,
				14DE0B2E1DF493B3008439D5 /* MapInteractor.swift in Sources */,
				14CC2AF31DF4371600BBF5B3 /* RootRouter.swift in Sources */,
				14DE0B271DF49357008439D5 /* MapViewController.swift in Sources */,
				1472FAFE1DF8A92C00CD0C62 /* MenuItemsInteractor.swift in Sources */,
				14CC2AED1DF436C700BBF5B3 /* RegistrationInteractor.swift in Sources */,
				1472FB011DF8A95E00CD0C62 /* MenuItemsRouter.swift in Sources */,
				147C323B1DF761760005B3D4 /* MenuInteractor.swift in Sources */,
				14CC2AE61DF4364600BBF5B3 /* LoginRouter.swift in Sources */,
				14DE0B321DF4992F008439D5 /* Merchant.swift in Sources */,
				14DE0B251DF48B76008439D5 /* KeyboardManager.swift in Sources */,
				1472FAF81DF8A33F00CD0C62 /* MenuItem.swift in Sources */,
				1472FAFA1DF8A8F900CD0C62 /* MenuItemsViewController.swift in Sources */,
				14BE2D8F1DF696670050FA29 /* MerchantsViewController.swift in Sources */,
				147C32411DF764650005B3D4 /* MenuCategoryTableViewCell.swift in Sources */,
				14CC2ACB1DF4352200BBF5B3 /* AppDelegate.swift in Sources */,
				14CC2AF01DF436F700BBF5B3 /* RegistrationRouter.swift in Sources */,
				1472FB061DF8ABCB00CD0C62 /* MenuItemTableViewCell.swift in Sources */,
				14DE0B1C1DF46511008439D5 /* ServiceManager.swift in Sources */,
				147C32351DF761220005B3D4 /* MenuViewController.swift in Sources */,
			);
			runOnlyForDeploymentPostprocessing = 0;
		};
/* End PBXSourcesBuildPhase section */

/* Begin PBXVariantGroup section */
		14CC2ACE1DF4352200BBF5B3 /* Main.storyboard */ = {
			isa = PBXVariantGroup;
			children = (
				14CC2ACF1DF4352200BBF5B3 /* Base */,
			);
			name = Main.storyboard;
			sourceTree = "<group>";
		};
		14CC2AD31DF4352200BBF5B3 /* LaunchScreen.storyboard */ = {
			isa = PBXVariantGroup;
			children = (
				14CC2AD41DF4352200BBF5B3 /* Base */,
			);
			name = LaunchScreen.storyboard;
			sourceTree = "<group>";
		};
		14DE0B211DF48AFB008439D5 /* Content.storyboard */ = {
			isa = PBXVariantGroup;
			children = (
				14DE0B221DF48AFB008439D5 /* Base */,
			);
			name = Content.storyboard;
			sourceTree = "<group>";
		};
/* End PBXVariantGroup section */

/* Begin XCBuildConfiguration section */
		14CC2AD71DF4352200BBF5B3 /* Debug */ = {
			isa = XCBuildConfiguration;
			buildSettings = {
				ALWAYS_SEARCH_USER_PATHS = NO;
				CLANG_ANALYZER_NONNULL = YES;
				CLANG_CXX_LANGUAGE_STANDARD = "gnu++0x";
				CLANG_CXX_LIBRARY = "libc++";
				CLANG_ENABLE_MODULES = YES;
				CLANG_ENABLE_OBJC_ARC = YES;
				CLANG_WARN_BOOL_CONVERSION = YES;
				CLANG_WARN_CONSTANT_CONVERSION = YES;
				CLANG_WARN_DIRECT_OBJC_ISA_USAGE = YES_ERROR;
				CLANG_WARN_DOCUMENTATION_COMMENTS = YES;
				CLANG_WARN_EMPTY_BODY = YES;
				CLANG_WARN_ENUM_CONVERSION = YES;
				CLANG_WARN_INFINITE_RECURSION = YES;
				CLANG_WARN_INT_CONVERSION = YES;
				CLANG_WARN_OBJC_ROOT_CLASS = YES_ERROR;
				CLANG_WARN_SUSPICIOUS_MOVES = YES;
				CLANG_WARN_UNREACHABLE_CODE = YES;
				CLANG_WARN__DUPLICATE_METHOD_MATCH = YES;
				"CODE_SIGN_IDENTITY[sdk=iphoneos*]" = "iPhone Developer";
				COPY_PHASE_STRIP = NO;
				DEBUG_INFORMATION_FORMAT = dwarf;
				ENABLE_STRICT_OBJC_MSGSEND = YES;
				ENABLE_TESTABILITY = YES;
				GCC_C_LANGUAGE_STANDARD = gnu99;
				GCC_DYNAMIC_NO_PIC = NO;
				GCC_NO_COMMON_BLOCKS = YES;
				GCC_OPTIMIZATION_LEVEL = 0;
				GCC_PREPROCESSOR_DEFINITIONS = (
					"DEBUG=1",
					"$(inherited)",
				);
				GCC_WARN_64_TO_32_BIT_CONVERSION = YES;
				GCC_WARN_ABOUT_RETURN_TYPE = YES_ERROR;
				GCC_WARN_UNDECLARED_SELECTOR = YES;
				GCC_WARN_UNINITIALIZED_AUTOS = YES_AGGRESSIVE;
				GCC_WARN_UNUSED_FUNCTION = YES;
				GCC_WARN_UNUSED_VARIABLE = YES;
				IPHONEOS_DEPLOYMENT_TARGET = 10.0;
				MTL_ENABLE_DEBUG_INFO = YES;
				ONLY_ACTIVE_ARCH = YES;
				SDKROOT = iphoneos;
				SWIFT_ACTIVE_COMPILATION_CONDITIONS = DEBUG;
				SWIFT_OPTIMIZATION_LEVEL = "-Onone";
				TARGETED_DEVICE_FAMILY = "1,2";
			};
			name = Debug;
		};
		14CC2AD81DF4352200BBF5B3 /* Release */ = {
			isa = XCBuildConfiguration;
			buildSettings = {
				ALWAYS_SEARCH_USER_PATHS = NO;
				CLANG_ANALYZER_NONNULL = YES;
				CLANG_CXX_LANGUAGE_STANDARD = "gnu++0x";
				CLANG_CXX_LIBRARY = "libc++";
				CLANG_ENABLE_MODULES = YES;
				CLANG_ENABLE_OBJC_ARC = YES;
				CLANG_WARN_BOOL_CONVERSION = YES;
				CLANG_WARN_CONSTANT_CONVERSION = YES;
				CLANG_WARN_DIRECT_OBJC_ISA_USAGE = YES_ERROR;
				CLANG_WARN_DOCUMENTATION_COMMENTS = YES;
				CLANG_WARN_EMPTY_BODY = YES;
				CLANG_WARN_ENUM_CONVERSION = YES;
				CLANG_WARN_INFINITE_RECURSION = YES;
				CLANG_WARN_INT_CONVERSION = YES;
				CLANG_WARN_OBJC_ROOT_CLASS = YES_ERROR;
				CLANG_WARN_SUSPICIOUS_MOVES = YES;
				CLANG_WARN_UNREACHABLE_CODE = YES;
				CLANG_WARN__DUPLICATE_METHOD_MATCH = YES;
				"CODE_SIGN_IDENTITY[sdk=iphoneos*]" = "iPhone Developer";
				COPY_PHASE_STRIP = NO;
				DEBUG_INFORMATION_FORMAT = "dwarf-with-dsym";
				ENABLE_NS_ASSERTIONS = NO;
				ENABLE_STRICT_OBJC_MSGSEND = YES;
				GCC_C_LANGUAGE_STANDARD = gnu99;
				GCC_NO_COMMON_BLOCKS = YES;
				GCC_WARN_64_TO_32_BIT_CONVERSION = YES;
				GCC_WARN_ABOUT_RETURN_TYPE = YES_ERROR;
				GCC_WARN_UNDECLARED_SELECTOR = YES;
				GCC_WARN_UNINITIALIZED_AUTOS = YES_AGGRESSIVE;
				GCC_WARN_UNUSED_FUNCTION = YES;
				GCC_WARN_UNUSED_VARIABLE = YES;
				IPHONEOS_DEPLOYMENT_TARGET = 10.0;
				MTL_ENABLE_DEBUG_INFO = NO;
				SDKROOT = iphoneos;
				SWIFT_OPTIMIZATION_LEVEL = "-Owholemodule";
				TARGETED_DEVICE_FAMILY = "1,2";
				VALIDATE_PRODUCT = YES;
			};
			name = Release;
		};
		14CC2ADA1DF4352200BBF5B3 /* Debug */ = {
			isa = XCBuildConfiguration;
			baseConfigurationReference = ECB29EF4A914B9DC7234A1D0 /* Pods-FastOrders.debug.xcconfig */;
			buildSettings = {
				ASSETCATALOG_COMPILER_APPICON_NAME = AppIcon;
				INFOPLIST_FILE = FastOrders/Info.plist;
				IPHONEOS_DEPLOYMENT_TARGET = 10.0;
				LD_RUNPATH_SEARCH_PATHS = "$(inherited) @executable_path/Frameworks";
				OTHER_SWIFT_FLAGS = "$(inherited) \"-D\" \"COCOAPODS\" -DDEBUG";
				PRODUCT_BUNDLE_IDENTIFIER = com.polant.FastOrders;
				PRODUCT_NAME = "$(TARGET_NAME)";
				SWIFT_OBJC_BRIDGING_HEADER = "FastOrders/FastOrders-Bridging-Header.h";
				SWIFT_VERSION = 3.0;
			};
			name = Debug;
		};
		14CC2ADB1DF4352200BBF5B3 /* Release */ = {
			isa = XCBuildConfiguration;
			baseConfigurationReference = 6A6B43FE74D127EE80531D30 /* Pods-FastOrders.release.xcconfig */;
			buildSettings = {
				ASSETCATALOG_COMPILER_APPICON_NAME = AppIcon;
				INFOPLIST_FILE = FastOrders/Info.plist;
				IPHONEOS_DEPLOYMENT_TARGET = 10.0;
				LD_RUNPATH_SEARCH_PATHS = "$(inherited) @executable_path/Frameworks";
				OTHER_SWIFT_FLAGS = "$(inherited) \"-D\" \"COCOAPODS\" -DDEBUG";
				PRODUCT_BUNDLE_IDENTIFIER = com.polant.FastOrders;
				PRODUCT_NAME = "$(TARGET_NAME)";
				SWIFT_OBJC_BRIDGING_HEADER = "FastOrders/FastOrders-Bridging-Header.h";
				SWIFT_VERSION = 3.0;
			};
			name = Release;
		};
/* End XCBuildConfiguration section */

/* Begin XCConfigurationList section */
		14CC2AC21DF4352200BBF5B3 /* Build configuration list for PBXProject "FastOrders" */ = {
			isa = XCConfigurationList;
			buildConfigurations = (
				14CC2AD71DF4352200BBF5B3 /* Debug */,
				14CC2AD81DF4352200BBF5B3 /* Release */,
			);
			defaultConfigurationIsVisible = 0;
			defaultConfigurationName = Release;
		};
		14CC2AD91DF4352200BBF5B3 /* Build configuration list for PBXNativeTarget "FastOrders" */ = {
			isa = XCConfigurationList;
			buildConfigurations = (
				14CC2ADA1DF4352200BBF5B3 /* Debug */,
				14CC2ADB1DF4352200BBF5B3 /* Release */,
			);
			defaultConfigurationIsVisible = 0;
			defaultConfigurationName = Release;
		};
/* End XCConfigurationList section */
	};
	rootObject = 14CC2ABF1DF4352200BBF5B3 /* Project object */;
}
