// !$*UTF8*$!
{
	archiveVersion = 1;
	classes = {
	};
	objectVersion = 46;
	objects = {

/* Begin PBXBuildFile section */
		14CC2ACB1DF4352200BBF5B3 /* AppDelegate.swift in Sources */ = {isa = PBXBuildFile; fileRef = 14CC2ACA1DF4352200BBF5B3 /* AppDelegate.swift */; };
		14CC2ACD1DF4352200BBF5B3 /* ViewController.swift in Sources */ = {isa = PBXBuildFile; fileRef = 14CC2ACC1DF4352200BBF5B3 /* ViewController.swift */; };
		14CC2AD01DF4352200BBF5B3 /* Main.storyboard in Resources */ = {isa = PBXBuildFile; fileRef = 14CC2ACE1DF4352200BBF5B3 /* Main.storyboard */; };
		14CC2AD21DF4352200BBF5B3 /* Assets.xcassets in Resources */ = {isa = PBXBuildFile; fileRef = 14CC2AD11DF4352200BBF5B3 /* Assets.xcassets */; };
		14CC2AD51DF4352200BBF5B3 /* LaunchScreen.storyboard in Resources */ = {isa = PBXBuildFile; fileRef = 14CC2AD31DF4352200BBF5B3 /* LaunchScreen.storyboard */; };
/* End PBXBuildFile section */

/* Begin PBXFileReference section */
		14CC2AC71DF4352200BBF5B3 /* FastOrders.app */ = {isa = PBXFileReference; explicitFileType = wrapper.application; includeInIndex = 0; path = FastOrders.app; sourceTree = BUILT_PRODUCTS_DIR; };
		14CC2ACA1DF4352200BBF5B3 /* AppDelegate.swift */ = {isa = PBXFileReference; lastKnownFileType = sourcecode.swift; path = AppDelegate.swift; sourceTree = "<group>"; };
		14CC2ACC1DF4352200BBF5B3 /* ViewController.swift */ = {isa = PBXFileReference; lastKnownFileType = sourcecode.swift; path = ViewController.swift; sourceTree = "<group>"; };
		14CC2ACF1DF4352200BBF5B3 /* Base */ = {isa = PBXFileReference; lastKnownFileType = file.storyboard; name = Base; path = Base.lproj/Main.storyboard; sourceTree = "<group>"; };
		14CC2AD11DF4352200BBF5B3 /* Assets.xcassets */ = {isa = PBXFileReference; lastKnownFileType = folder.assetcatalog; path = Assets.xcassets; sourceTree = "<group>"; };
		14CC2AD41DF4352200BBF5B3 /* Base */ = {isa = PBXFileReference; lastKnownFileType = file.storyboard; name = Base; path = Base.lproj/LaunchScreen.storyboard; sourceTree = "<group>"; };
		14CC2AD61DF4352200BBF5B3 /* Info.plist */ = {isa = PBXFileReference; lastKnownFileType = text.plist.xml; path = Info.plist; sourceTree = "<group>"; };
/* End PBXFileReference section */

/* Begin PBXFrameworksBuildPhase section */
		14CC2AC41DF4352200BBF5B3 /* Frameworks */ = {
			isa = PBXFrameworksBuildPhase;
			buildActionMask = 2147483647;
			files = (
			);
			runOnlyForDeploymentPostprocessing = 0;
		};
/* End PBXFrameworksBuildPhase section */

/* Begin PBXGroup section */
		14CC2ABE1DF4352200BBF5B3 = {
			isa = PBXGroup;
			children = (
				14CC2AC91DF4352200BBF5B3 /* FastOrders */,
				14CC2AC81DF4352200BBF5B3 /* Products */,
			);
			sourceTree = "<group>";
		};
		14CC2AC81DF4352200BBF5B3 /* Products */ = {
			isa = PBXGroup;
			children = (
				14CC2AC71DF4352200BBF5B3 /* FastOrders.app */,
			);
			name = Products;
			sourceTree = "<group>";
		};
		14CC2AC91DF4352200BBF5B3 /* FastOrders */ = {
			isa = PBXGroup;
			children = (
				14CC2ACA1DF4352200BBF5B3 /* AppDelegate.swift */,
				14CC2ACC1DF4352200BBF5B3 /* ViewController.swift */,
				14CC2ACE1DF4352200BBF5B3 /* Main.storyboard */,
				14CC2AD11DF4352200BBF5B3 /* Assets.xcassets */,
				14CC2AD31DF4352200BBF5B3 /* LaunchScreen.storyboard */,
				14CC2AD61DF4352200BBF5B3 /* Info.plist */,
			);
			path = FastOrders;
			sourceTree = "<group>";
		};
/* End PBXGroup section */

/* Begin PBXNativeTarget section */
		14CC2AC61DF4352200BBF5B3 /* FastOrders */ = {
			isa = PBXNativeTarget;
			buildConfigurationList = 14CC2AD91DF4352200BBF5B3 /* Build configuration list for PBXNativeTarget "FastOrders" */;
			buildPhases = (
				14CC2AC31DF4352200BBF5B3 /* Sources */,
				14CC2AC41DF4352200BBF5B3 /* Frameworks */,
				14CC2AC51DF4352200BBF5B3 /* Resources */,
			);
			buildRules = (
			);
			dependencies = (
			);
			name = FastOrders;
			productName = FastOrders;
			productReference = 14CC2AC71DF4352200BBF5B3 /* FastOrders.app */;
			productType = "com.apple.product-type.application";
		};
/* End PBXNativeTarget section */

/* Begin PBXProject section */
		14CC2ABF1DF4352200BBF5B3 /* Project object */ = {
			isa = PBXProject;
			attributes = {
				LastSwiftUpdateCheck = 0810;
				LastUpgradeCheck = 0810;
				ORGANIZATIONNAME = "Poltoratskyi Team";
				TargetAttributes = {
					14CC2AC61DF4352200BBF5B3 = {
						CreatedOnToolsVersion = 8.1;
						ProvisioningStyle = Automatic;
					};
				};
			};
			buildConfigurationList = 14CC2AC21DF4352200BBF5B3 /* Build configuration list for PBXProject "FastOrders" */;
			compatibilityVersion = "Xcode 3.2";
			developmentRegion = English;
			hasScannedForEncodings = 0;
			knownRegions = (
				en,
				Base,
			);
			mainGroup = 14CC2ABE1DF4352200BBF5B3;
			productRefGroup = 14CC2AC81DF4352200BBF5B3 /* Products */;
			projectDirPath = "";
			projectRoot = "";
			targets = (
				14CC2AC61DF4352200BBF5B3 /* FastOrders */,
			);
		};
/* End PBXProject section */

/* Begin PBXResourcesBuildPhase section */
		14CC2AC51DF4352200BBF5B3 /* Resources */ = {
			isa = PBXResourcesBuildPhase;
			buildActionMask = 2147483647;
			files = (
				14CC2AD51DF4352200BBF5B3 /* LaunchScreen.storyboard in Resources */,
				14CC2AD21DF4352200BBF5B3 /* Assets.xcassets in Resources */,
				14CC2AD01DF4352200BBF5B3 /* Main.storyboard in Resources */,
			);
			runOnlyForDeploymentPostprocessing = 0;
		};
/* End PBXResourcesBuildPhase section */

/* Begin PBXSourcesBuildPhase section */
		14CC2AC31DF4352200BBF5B3 /* Sources */ = {
			isa = PBXSourcesBuildPhase;
			buildActionMask = 2147483647;
			files = (
				14CC2ACD1DF4352200BBF5B3 /* ViewController.swift in Sources */,
				14CC2ACB1DF4352200BBF5B3 /* AppDelegate.swift in Sources */,
			);
			runOnlyForDeploymentPostprocessing = 0;
		};
/* End PBXSourcesBuildPhase section */

/* Begin PBXVariantGroup section */
		14CC2ACE1DF4352200BBF5B3 /* Main.storyboard */ = {
			isa = PBXVariantGroup;
			children = (
				14CC2ACF1DF4352200BBF5B3 /* Base */,
			);
			name = Main.storyboard;
			sourceTree = "<group>";
		};
		14CC2AD31DF4352200BBF5B3 /* LaunchScreen.storyboard */ = {
			isa = PBXVariantGroup;
			children = (
				14CC2AD41DF4352200BBF5B3 /* Base */,
			);
			name = LaunchScreen.storyboard;
			sourceTree = "<group>";
		};
/* End PBXVariantGroup section */

/* Begin XCBuildConfiguration section */
		14CC2AD71DF4352200BBF5B3 /* Debug */ = {
			isa = XCBuildConfiguration;
			buildSettings = {
				ALWAYS_SEARCH_USER_PATHS = NO;
				CLANG_ANALYZER_NONNULL = YES;
				CLANG_CXX_LANGUAGE_STANDARD = "gnu++0x";
				CLANG_CXX_LIBRARY = "libc++";
				CLANG_ENABLE_MODULES = YES;
				CLANG_ENABLE_OBJC_ARC = YES;
				CLANG_WARN_BOOL_CONVERSION = YES;
				CLANG_WARN_CONSTANT_CONVERSION = YES;
				CLANG_WARN_DIRECT_OBJC_ISA_USAGE = YES_ERROR;
				CLANG_WARN_DOCUMENTATION_COMMENTS = YES;
				CLANG_WARN_EMPTY_BODY = YES;
				CLANG_WARN_ENUM_CONVERSION = YES;
				CLANG_WARN_INFINITE_RECURSION = YES;
				CLANG_WARN_INT_CONVERSION = YES;
				CLANG_WARN_OBJC_ROOT_CLASS = YES_ERROR;
				CLANG_WARN_SUSPICIOUS_MOVES = YES;
				CLANG_WARN_UNREACHABLE_CODE = YES;
				CLANG_WARN__DUPLICATE_METHOD_MATCH = YES;
				"CODE_SIGN_IDENTITY[sdk=iphoneos*]" = "iPhone Developer";
				COPY_PHASE_STRIP = NO;
				DEBUG_INFORMATION_FORMAT = dwarf;
				ENABLE_STRICT_OBJC_MSGSEND = YES;
				ENABLE_TESTABILITY = YES;
				GCC_C_LANGUAGE_STANDARD = gnu99;
				GCC_DYNAMIC_NO_PIC = NO;
				GCC_NO_COMMON_BLOCKS = YES;
				GCC_OPTIMIZATION_LEVEL = 0;
				GCC_PREPROCESSOR_DEFINITIONS = (
					"DEBUG=1",
					"$(inherited)",
				);
				GCC_WARN_64_TO_32_BIT_CONVERSION = YES;
				GCC_WARN_ABOUT_RETURN_TYPE = YES_ERROR;
				GCC_WARN_UNDECLARED_SELECTOR = YES;
				GCC_WARN_UNINITIALIZED_AUTOS = YES_AGGRESSIVE;
				GCC_WARN_UNUSED_FUNCTION = YES;
				GCC_WARN_UNUSED_VARIABLE = YES;
				IPHONEOS_DEPLOYMENT_TARGET = 10.1;
				MTL_ENABLE_DEBUG_INFO = YES;
				ONLY_ACTIVE_ARCH = YES;
				SDKROOT = iphoneos;
				SWIFT_ACTIVE_COMPILATION_CONDITIONS = DEBUG;
				SWIFT_OPTIMIZATION_LEVEL = "-Onone";
				TARGETED_DEVICE_FAMILY = "1,2";
			};
			name = Debug;
		};
		14CC2AD81DF4352200BBF5B3 /* Release */ = {
			isa = XCBuildConfiguration;
			buildSettings = {
				ALWAYS_SEARCH_USER_PATHS = NO;
				CLANG_ANALYZER_NONNULL = YES;
				CLANG_CXX_LANGUAGE_STANDARD = "gnu++0x";
				CLANG_CXX_LIBRARY = "libc++";
				CLANG_ENABLE_MODULES = YES;
				CLANG_ENABLE_OBJC_ARC = YES;
				CLANG_WARN_BOOL_CONVERSION = YES;
				CLANG_WARN_CONSTANT_CONVERSION = YES;
				CLANG_WARN_DIRECT_OBJC_ISA_USAGE = YES_ERROR;
				CLANG_WARN_DOCUMENTATION_COMMENTS = YES;
				CLANG_WARN_EMPTY_BODY = YES;
				CLANG_WARN_ENUM_CONVERSION = YES;
				CLANG_WARN_INFINITE_RECURSION = YES;
				CLANG_WARN_INT_CONVERSION = YES;
				CLANG_WARN_OBJC_ROOT_CLASS = YES_ERROR;
				CLANG_WARN_SUSPICIOUS_MOVES = YES;
				CLANG_WARN_UNREACHABLE_CODE = YES;
				CLANG_WARN__DUPLICATE_METHOD_MATCH = YES;
				"CODE_SIGN_IDENTITY[sdk=iphoneos*]" = "iPhone Developer";
				COPY_PHASE_STRIP = NO;
				DEBUG_INFORMATION_FORMAT = "dwarf-with-dsym";
				ENABLE_NS_ASSERTIONS = NO;
				ENABLE_STRICT_OBJC_MSGSEND = YES;
				GCC_C_LANGUAGE_STANDARD = gnu99;
				GCC_NO_COMMON_BLOCKS = YES;
				GCC_WARN_64_TO_32_BIT_CONVERSION = YES;
				GCC_WARN_ABOUT_RETURN_TYPE = YES_ERROR;
				GCC_WARN_UNDECLARED_SELECTOR = YES;
				GCC_WARN_UNINITIALIZED_AUTOS = YES_AGGRESSIVE;
				GCC_WARN_UNUSED_FUNCTION = YES;
				GCC_WARN_UNUSED_VARIABLE = YES;
				IPHONEOS_DEPLOYMENT_TARGET = 10.1;
				MTL_ENABLE_DEBUG_INFO = NO;
				SDKROOT = iphoneos;
				SWIFT_OPTIMIZATION_LEVEL = "-Owholemodule";
				TARGETED_DEVICE_FAMILY = "1,2";
				VALIDATE_PRODUCT = YES;
			};
			name = Release;
		};
		14CC2ADA1DF4352200BBF5B3 /* Debug */ = {
			isa = XCBuildConfiguration;
			buildSettings = {
				ASSETCATALOG_COMPILER_APPICON_NAME = AppIcon;
				INFOPLIST_FILE = FastOrders/Info.plist;
				LD_RUNPATH_SEARCH_PATHS = "$(inherited) @executable_path/Frameworks";
				PRODUCT_BUNDLE_IDENTIFIER = com.polant.FastOrders;
				PRODUCT_NAME = "$(TARGET_NAME)";
				SWIFT_VERSION = 3.0;
			};
			name = Debug;
		};
		14CC2ADB1DF4352200BBF5B3 /* Release */ = {
			isa = XCBuildConfiguration;
			buildSettings = {
				ASSETCATALOG_COMPILER_APPICON_NAME = AppIcon;
				INFOPLIST_FILE = FastOrders/Info.plist;
				LD_RUNPATH_SEARCH_PATHS = "$(inherited) @executable_path/Frameworks";
				PRODUCT_BUNDLE_IDENTIFIER = com.polant.FastOrders;
				PRODUCT_NAME = "$(TARGET_NAME)";
				SWIFT_VERSION = 3.0;
			};
			name = Release;
		};
/* End XCBuildConfiguration section */

/* Begin XCConfigurationList section */
		14CC2AC21DF4352200BBF5B3 /* Build configuration list for PBXProject "FastOrders" */ = {
			isa = XCConfigurationList;
			buildConfigurations = (
				14CC2AD71DF4352200BBF5B3 /* Debug */,
				14CC2AD81DF4352200BBF5B3 /* Release */,
			);
			defaultConfigurationIsVisible = 0;
			defaultConfigurationName = Release;
		};
		14CC2AD91DF4352200BBF5B3 /* Build configuration list for PBXNativeTarget "FastOrders" */ = {
			isa = XCConfigurationList;
			buildConfigurations = (
				14CC2ADA1DF4352200BBF5B3 /* Debug */,
				14CC2ADB1DF4352200BBF5B3 /* Release */,
			);
			defaultConfigurationIsVisible = 0;
		};
/* End XCConfigurationList section */
	};
	rootObject = 14CC2ABF1DF4352200BBF5B3 /* Project object */;
}
